
Microsoft Visual Studio Solution File, Format Version 12.00
# Visual Studio Version 17
VisualStudioVersion = 17.13.35825.156 d17.13
MinimumVisualStudioVersion = 10.0.40219.1
Project("{FAE04EC0-301F-11D3-BF4B-00C04F79EFBC}") = "HelloWorld", "HelloWorld\HelloWorld.csproj", "{099DE2D1-0908-4574-8667-652BDB8E5BB5}"
EndProject
Global
	GlobalSection(SolutionConfigurationPlatforms) = preSolution
		Debug|Any CPU = Debug|Any CPU
		Release|Any CPU = Release|Any CPU
	EndGlobalSection
	GlobalSection(ProjectConfigurationPlatforms) = postSolution
		{099DE2D1-0908-4574-8667-652BDB8E5BB5}.Debug|Any CPU.ActiveCfg = Debug|Any CPU
		{099DE2D1-0908-4574-8667-652BDB8E5BB5}.Debug|Any CPU.Build.0 = Debug|Any CPU
		{099DE2D1-0908-4574-8667-652BDB8E5BB5}.Release|Any CPU.ActiveCfg = Release|Any CPU
		{099DE2D1-0908-4574-8667-652BDB8E5BB5}.Release|Any CPU.Build.0 = Release|Any CPU
	EndGlobalSection
	GlobalSection(SolutionProperties) = preSolution
		HideSolutionNode = FALSE
	EndGlobalSection
	GlobalSection(ExtensibilityGlobals) = postSolution
		SolutionGuid = {BFEB3179-E455-479F-91B2-EC522A0CCFA4}
	EndGlobalSection
EndGlobal
