
Microsoft Visual Studio Solution File, Format Version 12.00
# Visual Studio Version 17
VisualStudioVersion = 17.13.35825.156 d17.13
MinimumVisualStudioVersion = 10.0.40219.1
Project("{FAE04EC0-301F-11D3-BF4B-00C04F79EFBC}") = "DataEHora", "DataEHora\DataEHora.csproj", "{EF5A8935-1728-4D90-B866-45CAEC51EE40}"
EndProject
Global
	GlobalSection(SolutionConfigurationPlatforms) = preSolution
		Debug|Any CPU = Debug|Any CPU
		Release|Any CPU = Release|Any CPU
	EndGlobalSection
	GlobalSection(ProjectConfigurationPlatforms) = postSolution
		{EF5A8935-1728-4D90-B866-45CAEC51EE40}.Debug|Any CPU.ActiveCfg = Debug|Any CPU
		{EF5A8935-1728-4D90-B866-45CAEC51EE40}.Debug|Any CPU.Build.0 = Debug|Any CPU
		{EF5A8935-1728-4D90-B866-45CAEC51EE40}.Release|Any CPU.ActiveCfg = Release|Any CPU
		{EF5A8935-1728-4D90-B866-45CAEC51EE40}.Release|Any CPU.Build.0 = Release|Any CPU
	EndGlobalSection
	GlobalSection(SolutionProperties) = preSolution
		HideSolutionNode = FALSE
	EndGlobalSection
	GlobalSection(ExtensibilityGlobals) = postSolution
		SolutionGuid = {BDF3D319-6C7F-4693-A553-306F528EAE5E}
	EndGlobalSection
EndGlobal
