
Microsoft Visual Studio Solution File, Format Version 12.00
# Visual Studio Version 17
VisualStudioVersion = 17.13.35825.156 d17.13
MinimumVisualStudioVersion = 10.0.40219.1
Project("{FAE04EC0-301F-11D3-BF4B-00C04F79EFBC}") = "TiposNumericos", "TiposNumericos\TiposNumericos.csproj", "{05627205-1A7D-436C-9A2D-29AB79D38E63}"
EndProject
Global
	GlobalSection(SolutionConfigurationPlatforms) = preSolution
		Debug|Any CPU = Debug|Any CPU
		Release|Any CPU = Release|Any CPU
	EndGlobalSection
	GlobalSection(ProjectConfigurationPlatforms) = postSolution
		{05627205-1A7D-436C-9A2D-29AB79D38E63}.Debug|Any CPU.ActiveCfg = Debug|Any CPU
		{05627205-1A7D-436C-9A2D-29AB79D38E63}.Debug|Any CPU.Build.0 = Debug|Any CPU
		{05627205-1A7D-436C-9A2D-29AB79D38E63}.Release|Any CPU.ActiveCfg = Release|Any CPU
		{05627205-1A7D-436C-9A2D-29AB79D38E63}.Release|Any CPU.Build.0 = Release|Any CPU
	EndGlobalSection
	GlobalSection(SolutionProperties) = preSolution
		HideSolutionNode = FALSE
	EndGlobalSection
	GlobalSection(ExtensibilityGlobals) = postSolution
		SolutionGuid = {6585DF12-34B5-4374-8FAB-EB9B0F99BEBF}
	EndGlobalSection
EndGlobal
