
Microsoft Visual Studio Solution File, Format Version 12.00
# Visual Studio Version 17
VisualStudioVersion = 17.13.35825.156 d17.13
MinimumVisualStudioVersion = 10.0.40219.1
Project("{FAE04EC0-301F-11D3-BF4B-00C04F79EFBC}") = "ClassesComValores", "ClassesComValores\ClassesComValores.csproj", "{5736132D-0EFB-43A5-B29A-3189F085447D}"
EndProject
Global
	GlobalSection(SolutionConfigurationPlatforms) = preSolution
		Debug|Any CPU = Debug|Any CPU
		Release|Any CPU = Release|Any CPU
	EndGlobalSection
	GlobalSection(ProjectConfigurationPlatforms) = postSolution
		{5736132D-0EFB-43A5-B29A-3189F085447D}.Debug|Any CPU.ActiveCfg = Debug|Any CPU
		{5736132D-0EFB-43A5-B29A-3189F085447D}.Debug|Any CPU.Build.0 = Debug|Any CPU
		{5736132D-0EFB-43A5-B29A-3189F085447D}.Release|Any CPU.ActiveCfg = Release|Any CPU
		{5736132D-0EFB-43A5-B29A-3189F085447D}.Release|Any CPU.Build.0 = Release|Any CPU
	EndGlobalSection
	GlobalSection(SolutionProperties) = preSolution
		HideSolutionNode = FALSE
	EndGlobalSection
	GlobalSection(ExtensibilityGlobals) = postSolution
		SolutionGuid = {B65744A8-8F61-45B0-BF81-2AA5E408A828}
	EndGlobalSection
EndGlobal
